
Microsoft Visual Studio Solution File, Format Version 12.00
# Visual Studio Version 17
VisualStudioVersion = 17.10.35122.118
MinimumVisualStudioVersion = 10.0.40219.1
Project("{FAE04EC0-301F-11D3-BF4B-00C04F79EFBC}") = "Hotel_Reservation", "Hotel_Reservation\Hotel_Reservation.csproj", "{03FC7CE4-B699-40F5-849B-EF3F831182EA}"
EndProject
Global
	GlobalSection(SolutionConfigurationPlatforms) = preSolution
		Debug|Any CPU = Debug|Any CPU
		Release|Any CPU = Release|Any CPU
	EndGlobalSection
	GlobalSection(ProjectConfigurationPlatforms) = postSolution
		{03FC7CE4-B699-40F5-849B-EF3F831182EA}.Debug|Any CPU.ActiveCfg = Debug|Any CPU
		{03FC7CE4-B699-40F5-849B-EF3F831182EA}.Debug|Any CPU.Build.0 = Debug|Any CPU
		{03FC7CE4-B699-40F5-849B-EF3F831182EA}.Release|Any CPU.ActiveCfg = Release|Any CPU
		{03FC7CE4-B699-40F5-849B-EF3F831182EA}.Release|Any CPU.Build.0 = Release|Any CPU
	EndGlobalSection
	GlobalSection(SolutionProperties) = preSolution
		HideSolutionNode = FALSE
	EndGlobalSection
	GlobalSection(ExtensibilityGlobals) = postSolution
		SolutionGuid = {5B6CC675-E817-409B-A4A2-BFEF669A7EF9}
	EndGlobalSection
EndGlobal
